
Microsoft Visual Studio Solution File, Format Version 12.00
# Visual Studio Version 16
VisualStudioVersion = 16.0.28803.352
MinimumVisualStudioVersion = 10.0.40219.1
Project("{FAE04EC0-301F-11D3-BF4B-00C04F79EFBC}") = "AngleDisplacementObserver", "AngleDisplacementObserver\AngleDisplacementObserver.csproj", "{C32DDD90-5622-473E-A512-D09F5C00772E}"
EndProject
Global
	GlobalSection(SolutionConfigurationPlatforms) = preSolution
		Debug|Any CPU = Debug|Any CPU
		Release|Any CPU = Release|Any CPU
	EndGlobalSection
	GlobalSection(ProjectConfigurationPlatforms) = postSolution
		{C32DDD90-5622-473E-A512-D09F5C00772E}.Debug|Any CPU.ActiveCfg = Debug|Any CPU
		{C32DDD90-5622-473E-A512-D09F5C00772E}.Debug|Any CPU.Build.0 = Debug|Any CPU
		{C32DDD90-5622-473E-A512-D09F5C00772E}.Release|Any CPU.ActiveCfg = Release|Any CPU
		{C32DDD90-5622-473E-A512-D09F5C00772E}.Release|Any CPU.Build.0 = Release|Any CPU
	EndGlobalSection
	GlobalSection(SolutionProperties) = preSolution
		HideSolutionNode = FALSE
	EndGlobalSection
	GlobalSection(ExtensibilityGlobals) = postSolution
		SolutionGuid = {814CEA0A-651A-46CF-9E65-CBF08E9D65F0}
	EndGlobalSection
EndGlobal
